
Microsoft Visual Studio Solution File, Format Version 12.00
# Visual Studio Version 17
VisualStudioVersion = 17.7.34031.279
MinimumVisualStudioVersion = 10.0.40219.1
Project("{FAE04EC0-301F-11D3-BF4B-00C04F79EFBC}") = "CdConverter", "CdConverter\CdConverter.csproj", "{CFF36B97-70A2-484C-8628-09B1AA349B00}"
EndProject
Global
	GlobalSection(SolutionConfigurationPlatforms) = preSolution
		Debug|Any CPU = Debug|Any CPU
		Release|Any CPU = Release|Any CPU
	EndGlobalSection
	GlobalSection(ProjectConfigurationPlatforms) = postSolution
		{CFF36B97-70A2-484C-8628-09B1AA349B00}.Debug|Any CPU.ActiveCfg = Debug|Any CPU
		{CFF36B97-70A2-484C-8628-09B1AA349B00}.Debug|Any CPU.Build.0 = Debug|Any CPU
		{CFF36B97-70A2-484C-8628-09B1AA349B00}.Release|Any CPU.ActiveCfg = Release|Any CPU
		{CFF36B97-70A2-484C-8628-09B1AA349B00}.Release|Any CPU.Build.0 = Release|Any CPU
	EndGlobalSection
	GlobalSection(SolutionProperties) = preSolution
		HideSolutionNode = FALSE
	EndGlobalSection
	GlobalSection(ExtensibilityGlobals) = postSolution
		SolutionGuid = {BCB0EBED-0777-4383-B615-08D891C26892}
	EndGlobalSection
EndGlobal
